
Microsoft Visual Studio Solution File, Format Version 12.00
# Visual Studio Version 17
VisualStudioVersion = 17.14.36310.24 d17.14
MinimumVisualStudioVersion = 10.0.40219.1
Project("{FAE04EC0-301F-11D3-BF4B-00C04F79EFBC}") = "AssignmentNo7iii", "AssignmentNo7iii\AssignmentNo7iii.csproj", "{11FF9A30-6B95-43B8-B6F6-A204C4E47F88}"
EndProject
Global
	GlobalSection(SolutionConfigurationPlatforms) = preSolution
		Debug|Any CPU = Debug|Any CPU
		Release|Any CPU = Release|Any CPU
	EndGlobalSection
	GlobalSection(ProjectConfigurationPlatforms) = postSolution
		{11FF9A30-6B95-43B8-B6F6-A204C4E47F88}.Debug|Any CPU.ActiveCfg = Debug|Any CPU
		{11FF9A30-6B95-43B8-B6F6-A204C4E47F88}.Debug|Any CPU.Build.0 = Debug|Any CPU
		{11FF9A30-6B95-43B8-B6F6-A204C4E47F88}.Release|Any CPU.ActiveCfg = Release|Any CPU
		{11FF9A30-6B95-43B8-B6F6-A204C4E47F88}.Release|Any CPU.Build.0 = Release|Any CPU
	EndGlobalSection
	GlobalSection(SolutionProperties) = preSolution
		HideSolutionNode = FALSE
	EndGlobalSection
	GlobalSection(ExtensibilityGlobals) = postSolution
		SolutionGuid = {B5058A28-CBC7-4B83-991E-04A02D8B41F6}
	EndGlobalSection
EndGlobal
