
Microsoft Visual Studio Solution File, Format Version 12.00
# Visual Studio Version 17
VisualStudioVersion = 17.14.36310.24 d17.14
MinimumVisualStudioVersion = 10.0.40219.1
Project("{FAE04EC0-301F-11D3-BF4B-00C04F79EFBC}") = "AssignmentNo3iii", "AssignmentNo3iii\AssignmentNo3iii.csproj", "{C27D527F-EF33-4630-9D79-C7785E74BF92}"
EndProject
Global
	GlobalSection(SolutionConfigurationPlatforms) = preSolution
		Debug|Any CPU = Debug|Any CPU
		Release|Any CPU = Release|Any CPU
	EndGlobalSection
	GlobalSection(ProjectConfigurationPlatforms) = postSolution
		{C27D527F-EF33-4630-9D79-C7785E74BF92}.Debug|Any CPU.ActiveCfg = Debug|Any CPU
		{C27D527F-EF33-4630-9D79-C7785E74BF92}.Debug|Any CPU.Build.0 = Debug|Any CPU
		{C27D527F-EF33-4630-9D79-C7785E74BF92}.Release|Any CPU.ActiveCfg = Release|Any CPU
		{C27D527F-EF33-4630-9D79-C7785E74BF92}.Release|Any CPU.Build.0 = Release|Any CPU
	EndGlobalSection
	GlobalSection(SolutionProperties) = preSolution
		HideSolutionNode = FALSE
	EndGlobalSection
	GlobalSection(ExtensibilityGlobals) = postSolution
		SolutionGuid = {489914DA-FD42-4A86-9532-6DF1C77D9247}
	EndGlobalSection
EndGlobal
