
Microsoft Visual Studio Solution File, Format Version 12.00
# Visual Studio Version 17
VisualStudioVersion = 17.14.36518.9 d17.14
MinimumVisualStudioVersion = 10.0.40219.1
Project("{FAE04EC0-301F-11D3-BF4B-00C04F79EFBC}") = "AssignmentNo8", "AssignmentNo8\AssignmentNo8.csproj", "{7996997F-A96A-41E7-A17F-70564BDA4B2E}"
EndProject
Global
	GlobalSection(SolutionConfigurationPlatforms) = preSolution
		Debug|Any CPU = Debug|Any CPU
		Release|Any CPU = Release|Any CPU
	EndGlobalSection
	GlobalSection(ProjectConfigurationPlatforms) = postSolution
		{7996997F-A96A-41E7-A17F-70564BDA4B2E}.Debug|Any CPU.ActiveCfg = Debug|Any CPU
		{7996997F-A96A-41E7-A17F-70564BDA4B2E}.Debug|Any CPU.Build.0 = Debug|Any CPU
		{7996997F-A96A-41E7-A17F-70564BDA4B2E}.Release|Any CPU.ActiveCfg = Release|Any CPU
		{7996997F-A96A-41E7-A17F-70564BDA4B2E}.Release|Any CPU.Build.0 = Release|Any CPU
	EndGlobalSection
	GlobalSection(SolutionProperties) = preSolution
		HideSolutionNode = FALSE
	EndGlobalSection
	GlobalSection(ExtensibilityGlobals) = postSolution
		SolutionGuid = {C6B15671-0D6F-49ED-89AC-5056BC25C005}
	EndGlobalSection
EndGlobal
