
Microsoft Visual Studio Solution File, Format Version 12.00
# Visual Studio Version 17
VisualStudioVersion = 17.14.36518.9 d17.14
MinimumVisualStudioVersion = 10.0.40219.1
Project("{FAE04EC0-301F-11D3-BF4B-00C04F79EFBC}") = "AssigmentNo9iv", "AssigmentNo9iv\AssigmentNo9iv.csproj", "{7019BF82-4D9E-432A-9154-94C23E8050FE}"
EndProject
Global
	GlobalSection(SolutionConfigurationPlatforms) = preSolution
		Debug|Any CPU = Debug|Any CPU
		Release|Any CPU = Release|Any CPU
	EndGlobalSection
	GlobalSection(ProjectConfigurationPlatforms) = postSolution
		{7019BF82-4D9E-432A-9154-94C23E8050FE}.Debug|Any CPU.ActiveCfg = Debug|Any CPU
		{7019BF82-4D9E-432A-9154-94C23E8050FE}.Debug|Any CPU.Build.0 = Debug|Any CPU
		{7019BF82-4D9E-432A-9154-94C23E8050FE}.Release|Any CPU.ActiveCfg = Release|Any CPU
		{7019BF82-4D9E-432A-9154-94C23E8050FE}.Release|Any CPU.Build.0 = Release|Any CPU
	EndGlobalSection
	GlobalSection(SolutionProperties) = preSolution
		HideSolutionNode = FALSE
	EndGlobalSection
	GlobalSection(ExtensibilityGlobals) = postSolution
		SolutionGuid = {F05CF39F-3E6F-4F69-9D28-F55196B9DC53}
	EndGlobalSection
EndGlobal
