
Microsoft Visual Studio Solution File, Format Version 12.00
# Visual Studio Version 17
VisualStudioVersion = 17.14.36310.24 d17.14
MinimumVisualStudioVersion = 10.0.40219.1
Project("{FAE04EC0-301F-11D3-BF4B-00C04F79EFBC}") = "AssignmentNo3ii", "AssignmentNo3ii\AssignmentNo3ii.csproj", "{453E503B-BF7C-49DE-8614-921218C9B319}"
EndProject
Global
	GlobalSection(SolutionConfigurationPlatforms) = preSolution
		Debug|Any CPU = Debug|Any CPU
		Release|Any CPU = Release|Any CPU
	EndGlobalSection
	GlobalSection(ProjectConfigurationPlatforms) = postSolution
		{453E503B-BF7C-49DE-8614-921218C9B319}.Debug|Any CPU.ActiveCfg = Debug|Any CPU
		{453E503B-BF7C-49DE-8614-921218C9B319}.Debug|Any CPU.Build.0 = Debug|Any CPU
		{453E503B-BF7C-49DE-8614-921218C9B319}.Release|Any CPU.ActiveCfg = Release|Any CPU
		{453E503B-BF7C-49DE-8614-921218C9B319}.Release|Any CPU.Build.0 = Release|Any CPU
	EndGlobalSection
	GlobalSection(SolutionProperties) = preSolution
		HideSolutionNode = FALSE
	EndGlobalSection
	GlobalSection(ExtensibilityGlobals) = postSolution
		SolutionGuid = {86151B66-E6E2-4A3F-B2B5-188822CE4599}
	EndGlobalSection
EndGlobal
